
Microsoft Visual Studio Solution File, Format Version 12.00
# Visual Studio Version 17
VisualStudioVersion = 17.10.35122.118
MinimumVisualStudioVersion = 10.0.40219.1
Project("{FAE04EC0-301F-11D3-BF4B-00C04F79EFBC}") = "file_uploads", "file_uploads.csproj", "{3D22773A-8CF1-4604-AD97-613CE7C9BAA6}"
EndProject
Global
	GlobalSection(SolutionConfigurationPlatforms) = preSolution
		Debug|Any CPU = Debug|Any CPU
		Release|Any CPU = Release|Any CPU
	EndGlobalSection
	GlobalSection(ProjectConfigurationPlatforms) = postSolution
		{3D22773A-8CF1-4604-AD97-613CE7C9BAA6}.Debug|Any CPU.ActiveCfg = Debug|Any CPU
		{3D22773A-8CF1-4604-AD97-613CE7C9BAA6}.Debug|Any CPU.Build.0 = Debug|Any CPU
		{3D22773A-8CF1-4604-AD97-613CE7C9BAA6}.Release|Any CPU.ActiveCfg = Release|Any CPU
		{3D22773A-8CF1-4604-AD97-613CE7C9BAA6}.Release|Any CPU.Build.0 = Release|Any CPU
	EndGlobalSection
	GlobalSection(SolutionProperties) = preSolution
		HideSolutionNode = FALSE
	EndGlobalSection
	GlobalSection(ExtensibilityGlobals) = postSolution
		SolutionGuid = {395F6396-0175-4F03-94F6-AF73F0D4FC63}
	EndGlobalSection
EndGlobal
